{
  "name": "css_master",
  "version": "1.0.0",
  "lockfileVersion": 1,
  "requires": true,
  "dependencies": {
    "@babel/code-frame": {
      "version": "7.0.0-beta.44",
      "resolved": "http://registry.npmjs.org/@babel/code-frame/-/code-frame-7.0.0-beta.44.tgz",
      "integrity": "sha512-cuAuTTIQ9RqcFRJ/Y8PvTh+paepNcaGxwQwjIDRWPXmzzyAeCO4KqS9ikMvq0MCbRk6GlYKwfzStrcP3/jSL8g==",
      "requires": {
        "@babel/highlight": "7.0.0-beta.44"
      }
    },
    "@babel/generator": {
      "version": "7.0.0-beta.44",
      "resolved": "http://registry.npmjs.org/@babel/generator/-/generator-7.0.0-beta.44.tgz",
      "integrity": "sha512-5xVb7hlhjGcdkKpMXgicAVgx8syK5VJz193k0i/0sLP6DzE6lRrU1K3B/rFefgdo9LPGMAOOOAWW4jycj07ShQ==",
      "requires": {
        "@babel/types": "7.0.0-beta.44",
        "jsesc": "2.5.1",
        "lodash": "4.17.11",
        "source-map": "0.5.7",
        "trim-right": "1.0.1"
      },
      "dependencies": {
        "source-map": {
          "version": "0.5.7",
          "resolved": "https://registry.npmjs.org/source-map/-/source-map-0.5.7.tgz",
          "integrity": "sha1-igOdLRAh0i0eoUyA2OpGi6LvP8w="
        }
      }
    },
    "@babel/helper-function-name": {
      "version": "7.0.0-beta.44",
      "resolved": "http://registry.npmjs.org/@babel/helper-function-name/-/helper-function-name-7.0.0-beta.44.tgz",
      "integrity": "sha512-MHRG2qZMKMFaBavX0LWpfZ2e+hLloT++N7rfM3DYOMUOGCD8cVjqZpwiL8a0bOX3IYcQev1ruciT0gdFFRTxzg==",
      "requires": {
        "@babel/helper-get-function-arity": "7.0.0-beta.44",
        "@babel/template": "7.0.0-beta.44",
        "@babel/types": "7.0.0-beta.44"
      }
    },
    "@babel/helper-get-function-arity": {
      "version": "7.0.0-beta.44",
      "resolved": "http://registry.npmjs.org/@babel/helper-get-function-arity/-/helper-get-function-arity-7.0.0-beta.44.tgz",
      "integrity": "sha512-w0YjWVwrM2HwP6/H3sEgrSQdkCaxppqFeJtAnB23pRiJB5E/O9Yp7JAAeWBl+gGEgmBFinnTyOv2RN7rcSmMiw==",
      "requires": {
        "@babel/types": "7.0.0-beta.44"
      }
    },
    "@babel/helper-split-export-declaration": {
      "version": "7.0.0-beta.44",
      "resolved": "http://registry.npmjs.org/@babel/helper-split-export-declaration/-/helper-split-export-declaration-7.0.0-beta.44.tgz",
      "integrity": "sha512-aQ7QowtkgKKzPGf0j6u77kBMdUFVBKNHw2p/3HX/POt5/oz8ec5cs0GwlgM8Hz7ui5EwJnzyfRmkNF1Nx1N7aA==",
      "requires": {
        "@babel/types": "7.0.0-beta.44"
      }
    },
    "@babel/highlight": {
      "version": "7.0.0-beta.44",
      "resolved": "http://registry.npmjs.org/@babel/highlight/-/highlight-7.0.0-beta.44.tgz",
      "integrity": "sha512-Il19yJvy7vMFm8AVAh6OZzaFoAd0hbkeMZiX3P5HGD+z7dyI7RzndHB0dg6Urh/VAFfHtpOIzDUSxmY6coyZWQ==",
      "requires": {
        "chalk": "2.4.1",
        "esutils": "2.0.2",
        "js-tokens": "3.0.2"
      }
    },
    "@babel/template": {
      "version": "7.0.0-beta.44",
      "resolved": "http://registry.npmjs.org/@babel/template/-/template-7.0.0-beta.44.tgz",
      "integrity": "sha512-w750Sloq0UNifLx1rUqwfbnC6uSUk0mfwwgGRfdLiaUzfAOiH0tHJE6ILQIUi3KYkjiCDTskoIsnfqZvWLBDng==",
      "requires": {
        "@babel/code-frame": "7.0.0-beta.44",
        "@babel/types": "7.0.0-beta.44",
        "babylon": "7.0.0-beta.44",
        "lodash": "4.17.11"
      }
    },
    "@babel/traverse": {
      "version": "7.0.0-beta.44",
      "resolved": "http://registry.npmjs.org/@babel/traverse/-/traverse-7.0.0-beta.44.tgz",
      "integrity": "sha512-UHuDz8ukQkJCDASKHf+oDt3FVUzFd+QYfuBIsiNu/4+/ix6pP/C+uQZJ6K1oEfbCMv/IKWbgDEh7fcsnIE5AtA==",
      "requires": {
        "@babel/code-frame": "7.0.0-beta.44",
        "@babel/generator": "7.0.0-beta.44",
        "@babel/helper-function-name": "7.0.0-beta.44",
        "@babel/helper-split-export-declaration": "7.0.0-beta.44",
        "@babel/types": "7.0.0-beta.44",
        "babylon": "7.0.0-beta.44",
        "debug": "3.2.5",
        "globals": "11.7.0",
        "invariant": "2.2.4",
        "lodash": "4.17.11"
      }
    },
    "@babel/types": {
      "version": "7.0.0-beta.44",
      "resolved": "http://registry.npmjs.org/@babel/types/-/types-7.0.0-beta.44.tgz",
      "integrity": "sha512-5eTV4WRmqbaFM3v9gHAIljEQJU4Ssc6fxL61JN+Oe2ga/BwyjzjamwkCVVAQjHGuAX8i0BWo42dshL8eO5KfLQ==",
      "requires": {
        "esutils": "2.0.2",
        "lodash": "4.17.11",
        "to-fast-properties": "2.0.0"
      }
    },
    "@csstools/convert-colors": {
      "version": "1.4.0",
      "resolved": "https://registry.npmjs.org/@csstools/convert-colors/-/convert-colors-1.4.0.tgz",
      "integrity": "sha512-5a6wqoJV/xEdbRNKVo6I4hO3VjyDq//8q2f9I6PBAvMesJHFauXDorcNCsr9RzvsZnaWi5NYCcfyqP1QeFHFbw=="
    },
    "ansi-styles": {
      "version": "3.2.1",
      "resolved": "https://registry.npmjs.org/ansi-styles/-/ansi-styles-3.2.1.tgz",
      "integrity": "sha512-VT0ZI6kZRdTh8YyJw3SMbYm/u+NqfsAxEpWO0Pf9sq8/e94WxxOpPKx9FR1FlyCtOVDNOQ+8ntlqFxiRc+r5qA==",
      "requires": {
        "color-convert": "1.9.3"
      }
    },
    "autoprefixer": {
      "version": "9.1.5",
      "resolved": "https://registry.npmjs.org/autoprefixer/-/autoprefixer-9.1.5.tgz",
      "integrity": "sha512-kk4Zb6RUc58ld7gdosERHMF3DzIYJc2fp5sX46qEsGXQQy5bXsu8qyLjoxuY1NuQ/cJuCYnx99BfjwnRggrYIw==",
      "requires": {
        "browserslist": "4.1.1",
        "caniuse-lite": "1.0.30000888",
        "normalize-range": "0.1.2",
        "num2fraction": "1.2.2",
        "postcss": "7.0.4",
        "postcss-value-parser": "3.3.0"
      }
    },
    "babel-eslint": {
      "version": "8.2.6",
      "resolved": "https://registry.npmjs.org/babel-eslint/-/babel-eslint-8.2.6.tgz",
      "integrity": "sha512-aCdHjhzcILdP8c9lej7hvXKvQieyRt20SF102SIGyY4cUIiw6UaAtK4j2o3dXX74jEmy0TJ0CEhv4fTIM3SzcA==",
      "requires": {
        "@babel/code-frame": "7.0.0-beta.44",
        "@babel/traverse": "7.0.0-beta.44",
        "@babel/types": "7.0.0-beta.44",
        "babylon": "7.0.0-beta.44",
        "eslint-scope": "3.7.1",
        "eslint-visitor-keys": "1.0.0"
      }
    },
    "babylon": {
      "version": "7.0.0-beta.44",
      "resolved": "http://registry.npmjs.org/babylon/-/babylon-7.0.0-beta.44.tgz",
      "integrity": "sha512-5Hlm13BJVAioCHpImtFqNOF2H3ieTOHd0fmFGMxOJ9jgeFqeAwsv3u5P5cR7CSeFrkgHsT19DgFJkHV0/Mcd8g=="
    },
    "balanced-match": {
      "version": "1.0.0",
      "resolved": "https://registry.npmjs.org/balanced-match/-/balanced-match-1.0.0.tgz",
      "integrity": "sha1-ibTRmasr7kneFk6gK4nORi1xt2c="
    },
    "browserslist": {
      "version": "4.1.1",
      "resolved": "https://registry.npmjs.org/browserslist/-/browserslist-4.1.1.tgz",
      "integrity": "sha512-VBorw+tgpOtZ1BYhrVSVTzTt/3+vSE3eFUh0N2GCFK1HffceOaf32YS/bs6WiFhjDAblAFrx85jMy3BG9fBK2Q==",
      "requires": {
        "caniuse-lite": "1.0.30000888",
        "electron-to-chromium": "1.3.72",
        "node-releases": "1.0.0-alpha.12"
      }
    },
    "caniuse-lite": {
      "version": "1.0.30000888",
      "resolved": "https://registry.npmjs.org/caniuse-lite/-/caniuse-lite-1.0.30000888.tgz",
      "integrity": "sha512-vftg+5p/lPsQGpnhSo/yBuYL36ai/cyjLvU3dOPJY1kkKrekLWIy8SLm+wzjX0hpCUdFTasC4/ZT7uqw4rKOnQ=="
    },
    "chalk": {
      "version": "2.4.1",
      "resolved": "https://registry.npmjs.org/chalk/-/chalk-2.4.1.tgz",
      "integrity": "sha512-ObN6h1v2fTJSmUXoS3nMQ92LbDK9be4TV+6G+omQlGJFdcUX5heKi1LZ1YnRMIgwTLEj3E24bT6tYni50rlCfQ==",
      "requires": {
        "ansi-styles": "3.2.1",
        "escape-string-regexp": "1.0.5",
        "supports-color": "5.5.0"
      }
    },
    "color-convert": {
      "version": "1.9.3",
      "resolved": "https://registry.npmjs.org/color-convert/-/color-convert-1.9.3.tgz",
      "integrity": "sha512-QfAUtd+vFdAtFQcC8CCyYt1fYWxSqAiK2cSD6zDB8N3cpsEBAvRxp9zOGg6G/SHHJYAT88/az/IuDGALsNVbGg==",
      "requires": {
        "color-name": "1.1.3"
      }
    },
    "color-name": {
      "version": "1.1.3",
      "resolved": "https://registry.npmjs.org/color-name/-/color-name-1.1.3.tgz",
      "integrity": "sha1-p9BVi9icQveV3UIyj3QIMcpTvCU="
    },
    "cssdb": {
      "version": "3.2.1",
      "resolved": "https://registry.npmjs.org/cssdb/-/cssdb-3.2.1.tgz",
      "integrity": "sha512-I0IS8zvxED8sQtFZnV7M+AkhWqTgp1HIyfMQJBbjdn4GgurBt7NCZaDgrWiAN2kNJN34mhF1p50aZIMQu290mA=="
    },
    "cssesc": {
      "version": "1.0.1",
      "resolved": "https://registry.npmjs.org/cssesc/-/cssesc-1.0.1.tgz",
      "integrity": "sha512-S2hzrpWvE6G/rW7i7IxJfWBYn27QWfOIncUW++8Rbo1VB5zsJDSVPcnI+Q8z7rhxT6/yZeLOCja4cZnghJrNGA=="
    },
    "debug": {
      "version": "3.2.5",
      "resolved": "https://registry.npmjs.org/debug/-/debug-3.2.5.tgz",
      "integrity": "sha512-D61LaDQPQkxJ5AUM2mbSJRbPkNs/TmdmOeLAi1hgDkpDfIfetSrjmWhccwtuResSwMbACjx/xXQofvM9CE/aeg==",
      "requires": {
        "ms": "2.1.1"
      }
    },
    "electron-to-chromium": {
      "version": "1.3.72",
      "resolved": "https://registry.npmjs.org/electron-to-chromium/-/electron-to-chromium-1.3.72.tgz",
      "integrity": "sha512-OFbXEC01Lq7A66e3UywkvWYNN00HO1I9MAPereGe0NIXrt2MeaovL1bbY+951HKG0euUdPBe0L7yfKxgqxBMMw=="
    },
    "escape-string-regexp": {
      "version": "1.0.5",
      "resolved": "https://registry.npmjs.org/escape-string-regexp/-/escape-string-regexp-1.0.5.tgz",
      "integrity": "sha1-G2HAViGQqN/2rjuyzwIAyhMLhtQ="
    },
    "eslint-scope": {
      "version": "3.7.1",
      "resolved": "https://registry.npmjs.org/eslint-scope/-/eslint-scope-3.7.1.tgz",
      "integrity": "sha1-PWPD7f2gLgbgGkUq2IyqzHzctug=",
      "requires": {
        "esrecurse": "4.2.1",
        "estraverse": "4.2.0"
      }
    },
    "eslint-visitor-keys": {
      "version": "1.0.0",
      "resolved": "https://registry.npmjs.org/eslint-visitor-keys/-/eslint-visitor-keys-1.0.0.tgz",
      "integrity": "sha512-qzm/XxIbxm/FHyH341ZrbnMUpe+5Bocte9xkmFMzPMjRaZMcXww+MpBptFvtU+79L362nqiLhekCxCxDPaUMBQ=="
    },
    "esrecurse": {
      "version": "4.2.1",
      "resolved": "https://registry.npmjs.org/esrecurse/-/esrecurse-4.2.1.tgz",
      "integrity": "sha512-64RBB++fIOAXPw3P9cy89qfMlvZEXZkqqJkjqqXIvzP5ezRZjW+lPWjw35UX/3EhUPFYbg5ER4JYgDw4007/DQ==",
      "requires": {
        "estraverse": "4.2.0"
      }
    },
    "estraverse": {
      "version": "4.2.0",
      "resolved": "https://registry.npmjs.org/estraverse/-/estraverse-4.2.0.tgz",
      "integrity": "sha1-De4/7TH81GlhjOc0IJn8GvoL2xM="
    },
    "esutils": {
      "version": "2.0.2",
      "resolved": "https://registry.npmjs.org/esutils/-/esutils-2.0.2.tgz",
      "integrity": "sha1-Cr9PHKpbyx96nYrMbepPqqBLrJs="
    },
    "flatten": {
      "version": "1.0.2",
      "resolved": "https://registry.npmjs.org/flatten/-/flatten-1.0.2.tgz",
      "integrity": "sha1-2uRqnXj74lKSJYzB54CkHZXAN4I="
    },
    "globals": {
      "version": "11.7.0",
      "resolved": "https://registry.npmjs.org/globals/-/globals-11.7.0.tgz",
      "integrity": "sha512-K8BNSPySfeShBQXsahYB/AbbWruVOTyVpgoIDnl8odPpeSfP2J5QO2oLFFdl2j7GfDCtZj2bMKar2T49itTPCg=="
    },
    "has-flag": {
      "version": "3.0.0",
      "resolved": "https://registry.npmjs.org/has-flag/-/has-flag-3.0.0.tgz",
      "integrity": "sha1-tdRU3CGZriJWmfNGfloH87lVuv0="
    },
    "indexes-of": {
      "version": "1.0.1",
      "resolved": "https://registry.npmjs.org/indexes-of/-/indexes-of-1.0.1.tgz",
      "integrity": "sha1-8w9xbI4r00bHtn0985FVZqfAVgc="
    },
    "invariant": {
      "version": "2.2.4",
      "resolved": "https://registry.npmjs.org/invariant/-/invariant-2.2.4.tgz",
      "integrity": "sha512-phJfQVBuaJM5raOpJjSfkiD6BpbCE4Ns//LaXl6wGYtUBY83nWS6Rf9tXm2e8VaK60JEjYldbPif/A2B1C2gNA==",
      "requires": {
        "loose-envify": "1.4.0"
      }
    },
    "js-tokens": {
      "version": "3.0.2",
      "resolved": "https://registry.npmjs.org/js-tokens/-/js-tokens-3.0.2.tgz",
      "integrity": "sha1-mGbfOVECEw449/mWvOtlRDIJwls="
    },
    "jsesc": {
      "version": "2.5.1",
      "resolved": "https://registry.npmjs.org/jsesc/-/jsesc-2.5.1.tgz",
      "integrity": "sha1-5CGiqOINawgZ3yiQj3glJrlt0f4="
    },
    "lodash": {
      "version": "4.17.11",
      "resolved": "https://registry.npmjs.org/lodash/-/lodash-4.17.11.tgz",
      "integrity": "sha512-cQKh8igo5QUhZ7lg38DYWAxMvjSAKG0A8wGSVimP07SIUEK2UO+arSRKbRZWtelMtN5V0Hkwh5ryOto/SshYIg=="
    },
    "lodash._reinterpolate": {
      "version": "3.0.0",
      "resolved": "https://registry.npmjs.org/lodash._reinterpolate/-/lodash._reinterpolate-3.0.0.tgz",
      "integrity": "sha1-DM8tiRZq8Ds2Y8eWU4t1rG4RTZ0="
    },
    "lodash.template": {
      "version": "4.4.0",
      "resolved": "https://registry.npmjs.org/lodash.template/-/lodash.template-4.4.0.tgz",
      "integrity": "sha1-5zoDhcg1VZF0bgILmWecaQ5o+6A=",
      "requires": {
        "lodash._reinterpolate": "3.0.0",
        "lodash.templatesettings": "4.1.0"
      }
    },
    "lodash.templatesettings": {
      "version": "4.1.0",
      "resolved": "https://registry.npmjs.org/lodash.templatesettings/-/lodash.templatesettings-4.1.0.tgz",
      "integrity": "sha1-K01OlbpEDZFf8IvImeRVNmZxMxY=",
      "requires": {
        "lodash._reinterpolate": "3.0.0"
      }
    },
    "loose-envify": {
      "version": "1.4.0",
      "resolved": "https://registry.npmjs.org/loose-envify/-/loose-envify-1.4.0.tgz",
      "integrity": "sha512-lyuxPGr/Wfhrlem2CL/UcnUc1zcqKAImBDzukY7Y5F/yQiNdko6+fRLevlw1HgMySw7f611UIY408EtxRSoK3Q==",
      "requires": {
        "js-tokens": "3.0.2"
      }
    },
    "ms": {
      "version": "2.1.1",
      "resolved": "https://registry.npmjs.org/ms/-/ms-2.1.1.tgz",
      "integrity": "sha512-tgp+dl5cGk28utYktBsrFqA7HKgrhgPsg6Z/EfhWI4gl1Hwq8B/GmY/0oXZ6nF8hDVesS/FpnYaD/kOWhYQvyg=="
    },
    "node-releases": {
      "version": "1.0.0-alpha.12",
      "resolved": "https://registry.npmjs.org/node-releases/-/node-releases-1.0.0-alpha.12.tgz",
      "integrity": "sha512-VPB4rTPqpVyWKBHbSa4YPFme3+8WHsOSpvbp0Mfj0bWsC8TEjt4HQrLl1hsBDELlp1nB4lflSgSuGTYiuyaP7Q==",
      "requires": {
        "semver": "5.5.1"
      }
    },
    "normalize-range": {
      "version": "0.1.2",
      "resolved": "https://registry.npmjs.org/normalize-range/-/normalize-range-0.1.2.tgz",
      "integrity": "sha1-LRDAa9/TEuqXd2laTShDlFa3WUI="
    },
    "num2fraction": {
      "version": "1.2.2",
      "resolved": "https://registry.npmjs.org/num2fraction/-/num2fraction-1.2.2.tgz",
      "integrity": "sha1-b2gragJ6Tp3fpFZM0lidHU5mnt4="
    },
    "postcss": {
      "version": "7.0.4",
      "resolved": "https://registry.npmjs.org/postcss/-/postcss-7.0.4.tgz",
      "integrity": "sha512-Bg1BrMZGKNOI0mkn8NtjJrOrZKgoHrl+geKJ45mTOkeY4WCsYq/mjd1BUWRgRvydHP/lA07Ys2n9m6Va5FsEsw==",
      "requires": {
        "chalk": "2.4.1",
        "source-map": "0.6.1",
        "supports-color": "5.5.0"
      }
    },
    "postcss-attribute-case-insensitive": {
      "version": "4.0.0",
      "resolved": "https://registry.npmjs.org/postcss-attribute-case-insensitive/-/postcss-attribute-case-insensitive-4.0.0.tgz",
      "integrity": "sha512-K/zqdg0/UgUgC8qR0lDuxYzmowPpnvrrNC5YuoqzhHMubR9AuhsPlpVu3jjkLHgDAzR+ohD/m7//iGnN9WxbzQ==",
      "requires": {
        "postcss": "7.0.4",
        "postcss-selector-parser": "5.0.0-rc.3"
      }
    },
    "postcss-color-functional-notation": {
      "version": "2.0.1",
      "resolved": "https://registry.npmjs.org/postcss-color-functional-notation/-/postcss-color-functional-notation-2.0.1.tgz",
      "integrity": "sha512-ZBARCypjEDofW4P6IdPVTLhDNXPRn8T2s1zHbZidW6rPaaZvcnCS2soYFIQJrMZSxiePJ2XIYTlcb2ztr/eT2g==",
      "requires": {
        "postcss": "7.0.4",
        "postcss-values-parser": "2.0.0"
      }
    },
    "postcss-color-hex-alpha": {
      "version": "5.0.2",
      "resolved": "https://registry.npmjs.org/postcss-color-hex-alpha/-/postcss-color-hex-alpha-5.0.2.tgz",
      "integrity": "sha512-8bIOzQMGdZVifoBQUJdw+yIY00omBd2EwkJXepQo9cjp1UOHHHoeRDeSzTP6vakEpaRc6GAIOfvcQR7jBYaG5Q==",
      "requires": {
        "postcss": "7.0.4",
        "postcss-values-parser": "2.0.0"
      }
    },
    "postcss-color-mod-function": {
      "version": "3.0.3",
      "resolved": "https://registry.npmjs.org/postcss-color-mod-function/-/postcss-color-mod-function-3.0.3.tgz",
      "integrity": "sha512-YP4VG+xufxaVtzV6ZmhEtc+/aTXH3d0JLpnYfxqTvwZPbJhWqp8bSY3nfNzNRFLgB4XSaBA82OE4VjOOKpCdVQ==",
      "requires": {
        "@csstools/convert-colors": "1.4.0",
        "postcss": "7.0.4",
        "postcss-values-parser": "2.0.0"
      }
    },
    "postcss-color-rebeccapurple": {
      "version": "4.0.1",
      "resolved": "https://registry.npmjs.org/postcss-color-rebeccapurple/-/postcss-color-rebeccapurple-4.0.1.tgz",
      "integrity": "sha512-aAe3OhkS6qJXBbqzvZth2Au4V3KieR5sRQ4ptb2b2O8wgvB3SJBsdG+jsn2BZbbwekDG8nTfcCNKcSfe/lEy8g==",
      "requires": {
        "postcss": "7.0.4",
        "postcss-values-parser": "2.0.0"
      }
    },
    "postcss-custom-media": {
      "version": "7.0.4",
      "resolved": "https://registry.npmjs.org/postcss-custom-media/-/postcss-custom-media-7.0.4.tgz",
      "integrity": "sha512-DY0Vdc4wW7EN1CNzV7FJCA+B9p0u9RjnPtGcFoHxr824/Ce76ff9t20jrfvijRHwlS14Ca4/MjVTuC/wMYWVcw==",
      "requires": {
        "postcss": "7.0.4"
      }
    },
    "postcss-custom-properties": {
      "version": "8.0.6",
      "resolved": "https://registry.npmjs.org/postcss-custom-properties/-/postcss-custom-properties-8.0.6.tgz",
      "integrity": "sha512-9lBrDTCQCfe7PesXP4om76mLIuNnBXjdJ5SuVcPZpDtWpC2Y3KVlXfC68ha+wek1R7crWi10xW8Hzw0fi4LIPg==",
      "requires": {
        "postcss": "7.0.4",
        "postcss-values-parser": "2.0.0"
      }
    },
    "postcss-custom-selectors": {
      "version": "5.1.2",
      "resolved": "https://registry.npmjs.org/postcss-custom-selectors/-/postcss-custom-selectors-5.1.2.tgz",
      "integrity": "sha512-DSGDhqinCqXqlS4R7KGxL1OSycd1lydugJ1ky4iRXPHdBRiozyMHrdu0H3o7qNOCiZwySZTUI5MV0T8QhCLu+w==",
      "requires": {
        "postcss": "7.0.4",
        "postcss-selector-parser": "5.0.0-rc.3"
      }
    },
    "postcss-dir-pseudo-class": {
      "version": "5.0.0",
      "resolved": "https://registry.npmjs.org/postcss-dir-pseudo-class/-/postcss-dir-pseudo-class-5.0.0.tgz",
      "integrity": "sha512-3pm4oq8HYWMZePJY+5ANriPs3P07q+LW6FAdTlkFH2XqDdP4HeeJYMOzn0HYLhRSjBO3fhiqSwwU9xEULSrPgw==",
      "requires": {
        "postcss": "7.0.4",
        "postcss-selector-parser": "5.0.0-rc.3"
      }
    },
    "postcss-env-function": {
      "version": "2.0.2",
      "resolved": "https://registry.npmjs.org/postcss-env-function/-/postcss-env-function-2.0.2.tgz",
      "integrity": "sha512-rwac4BuZlITeUbiBq60h/xbLzXY43qOsIErngWa4l7Mt+RaSkT7QBjXVGTcBHupykkblHMDrBFh30zchYPaOUw==",
      "requires": {
        "postcss": "7.0.4",
        "postcss-values-parser": "2.0.0"
      }
    },
    "postcss-focus-visible": {
      "version": "4.0.0",
      "resolved": "https://registry.npmjs.org/postcss-focus-visible/-/postcss-focus-visible-4.0.0.tgz",
      "integrity": "sha512-Z5CkWBw0+idJHSV6+Bgf2peDOFf/x4o+vX/pwcNYrWpXFrSfTkQ3JQ1ojrq9yS+upnAlNRHeg8uEwFTgorjI8g==",
      "requires": {
        "postcss": "7.0.4"
      }
    },
    "postcss-focus-within": {
      "version": "3.0.0",
      "resolved": "https://registry.npmjs.org/postcss-focus-within/-/postcss-focus-within-3.0.0.tgz",
      "integrity": "sha512-W0APui8jQeBKbCGZudW37EeMCjDeVxKgiYfIIEo8Bdh5SpB9sxds/Iq8SEuzS0Q4YFOlG7EPFulbbxujpkrV2w==",
      "requires": {
        "postcss": "7.0.4"
      }
    },
    "postcss-font-variant": {
      "version": "4.0.0",
      "resolved": "https://registry.npmjs.org/postcss-font-variant/-/postcss-font-variant-4.0.0.tgz",
      "integrity": "sha512-M8BFYKOvCrI2aITzDad7kWuXXTm0YhGdP9Q8HanmN4EF1Hmcgs1KK5rSHylt/lUJe8yLxiSwWAHdScoEiIxztg==",
      "requires": {
        "postcss": "7.0.4"
      }
    },
    "postcss-gap-properties": {
      "version": "2.0.0",
      "resolved": "https://registry.npmjs.org/postcss-gap-properties/-/postcss-gap-properties-2.0.0.tgz",
      "integrity": "sha512-QZSqDaMgXCHuHTEzMsS2KfVDOq7ZFiknSpkrPJY6jmxbugUPTuSzs/vuE5I3zv0WAS+3vhrlqhijiprnuQfzmg==",
      "requires": {
        "postcss": "7.0.4"
      }
    },
    "postcss-image-set-function": {
      "version": "3.0.1",
      "resolved": "https://registry.npmjs.org/postcss-image-set-function/-/postcss-image-set-function-3.0.1.tgz",
      "integrity": "sha512-oPTcFFip5LZy8Y/whto91L9xdRHCWEMs3e1MdJxhgt4jy2WYXfhkng59fH5qLXSCPN8k4n94p1Czrfe5IOkKUw==",
      "requires": {
        "postcss": "7.0.4",
        "postcss-values-parser": "2.0.0"
      }
    },
    "postcss-initial": {
      "version": "3.0.0",
      "resolved": "https://registry.npmjs.org/postcss-initial/-/postcss-initial-3.0.0.tgz",
      "integrity": "sha512-WzrqZ5nG9R9fUtrA+we92R4jhVvEB32IIRTzfIG/PLL8UV4CvbF1ugTEHEFX6vWxl41Xt5RTCJPEZkuWzrOM+Q==",
      "requires": {
        "lodash.template": "4.4.0",
        "postcss": "7.0.4"
      }
    },
    "postcss-lab-function": {
      "version": "2.0.1",
      "resolved": "https://registry.npmjs.org/postcss-lab-function/-/postcss-lab-function-2.0.1.tgz",
      "integrity": "sha512-whLy1IeZKY+3fYdqQFuDBf8Auw+qFuVnChWjmxm/UhHWqNHZx+B99EwxTvGYmUBqe3Fjxs4L1BoZTJmPu6usVg==",
      "requires": {
        "@csstools/convert-colors": "1.4.0",
        "postcss": "7.0.4",
        "postcss-values-parser": "2.0.0"
      }
    },
    "postcss-logical": {
      "version": "3.0.0",
      "resolved": "https://registry.npmjs.org/postcss-logical/-/postcss-logical-3.0.0.tgz",
      "integrity": "sha512-1SUKdJc2vuMOmeItqGuNaC+N8MzBWFWEkAnRnLpFYj1tGGa7NqyVBujfRtgNa2gXR+6RkGUiB2O5Vmh7E2RmiA==",
      "requires": {
        "postcss": "7.0.4"
      }
    },
    "postcss-media-minmax": {
      "version": "4.0.0",
      "resolved": "https://registry.npmjs.org/postcss-media-minmax/-/postcss-media-minmax-4.0.0.tgz",
      "integrity": "sha512-fo9moya6qyxsjbFAYl97qKO9gyre3qvbMnkOZeZwlsW6XYFsvs2DMGDlchVLfAd8LHPZDxivu/+qW2SMQeTHBw==",
      "requires": {
        "postcss": "7.0.4"
      }
    },
    "postcss-nesting": {
      "version": "7.0.0",
      "resolved": "https://registry.npmjs.org/postcss-nesting/-/postcss-nesting-7.0.0.tgz",
      "integrity": "sha512-WSsbVd5Ampi3Y0nk/SKr5+K34n52PqMqEfswu6RtU4r7wA8vSD+gM8/D9qq4aJkHImwn1+9iEFTbjoWsQeqtaQ==",
      "requires": {
        "postcss": "7.0.4"
      }
    },
    "postcss-overflow-shorthand": {
      "version": "2.0.0",
      "resolved": "https://registry.npmjs.org/postcss-overflow-shorthand/-/postcss-overflow-shorthand-2.0.0.tgz",
      "integrity": "sha512-aK0fHc9CBNx8jbzMYhshZcEv8LtYnBIRYQD5i7w/K/wS9c2+0NSR6B3OVMu5y0hBHYLcMGjfU+dmWYNKH0I85g==",
      "requires": {
        "postcss": "7.0.4"
      }
    },
    "postcss-page-break": {
      "version": "2.0.0",
      "resolved": "https://registry.npmjs.org/postcss-page-break/-/postcss-page-break-2.0.0.tgz",
      "integrity": "sha512-tkpTSrLpfLfD9HvgOlJuigLuk39wVTbbd8RKcy8/ugV2bNBUW3xU+AIqyxhDrQr1VUj1RmyJrBn1YWrqUm9zAQ==",
      "requires": {
        "postcss": "7.0.4"
      }
    },
    "postcss-place": {
      "version": "4.0.1",
      "resolved": "https://registry.npmjs.org/postcss-place/-/postcss-place-4.0.1.tgz",
      "integrity": "sha512-Zb6byCSLkgRKLODj/5mQugyuj9bvAAw9LqJJjgwz5cYryGeXfFZfSXoP1UfveccFmeq0b/2xxwcTEVScnqGxBg==",
      "requires": {
        "postcss": "7.0.4",
        "postcss-values-parser": "2.0.0"
      }
    },
    "postcss-preset-env": {
      "version": "6.0.7",
      "resolved": "https://registry.npmjs.org/postcss-preset-env/-/postcss-preset-env-6.0.7.tgz",
      "integrity": "sha512-K/d2Ch4zRQK28XVFTXMb52oKVH70GhOtNnANI27XwOI7KgqNxKPpr+TTqnwXF2gqiEXUf1ekO4FMNfFl5K2QWA==",
      "requires": {
        "autoprefixer": "9.1.5",
        "browserslist": "4.1.1",
        "caniuse-lite": "1.0.30000888",
        "cssdb": "3.2.1",
        "postcss": "7.0.4",
        "postcss-attribute-case-insensitive": "4.0.0",
        "postcss-color-functional-notation": "2.0.1",
        "postcss-color-hex-alpha": "5.0.2",
        "postcss-color-mod-function": "3.0.3",
        "postcss-color-rebeccapurple": "4.0.1",
        "postcss-custom-media": "7.0.4",
        "postcss-custom-properties": "8.0.6",
        "postcss-custom-selectors": "5.1.2",
        "postcss-dir-pseudo-class": "5.0.0",
        "postcss-env-function": "2.0.2",
        "postcss-focus-visible": "4.0.0",
        "postcss-focus-within": "3.0.0",
        "postcss-font-variant": "4.0.0",
        "postcss-gap-properties": "2.0.0",
        "postcss-image-set-function": "3.0.1",
        "postcss-initial": "3.0.0",
        "postcss-lab-function": "2.0.1",
        "postcss-logical": "3.0.0",
        "postcss-media-minmax": "4.0.0",
        "postcss-nesting": "7.0.0",
        "postcss-overflow-shorthand": "2.0.0",
        "postcss-page-break": "2.0.0",
        "postcss-place": "4.0.1",
        "postcss-pseudo-class-any-link": "6.0.0",
        "postcss-replace-overflow-wrap": "3.0.0",
        "postcss-selector-matches": "4.0.0",
        "postcss-selector-not": "4.0.0"
      }
    },
    "postcss-pseudo-class-any-link": {
      "version": "6.0.0",
      "resolved": "https://registry.npmjs.org/postcss-pseudo-class-any-link/-/postcss-pseudo-class-any-link-6.0.0.tgz",
      "integrity": "sha512-lgXW9sYJdLqtmw23otOzrtbDXofUdfYzNm4PIpNE322/swES3VU9XlXHeJS46zT2onFO7V1QFdD4Q9LiZj8mew==",
      "requires": {
        "postcss": "7.0.4",
        "postcss-selector-parser": "5.0.0-rc.3"
      }
    },
    "postcss-replace-overflow-wrap": {
      "version": "3.0.0",
      "resolved": "https://registry.npmjs.org/postcss-replace-overflow-wrap/-/postcss-replace-overflow-wrap-3.0.0.tgz",
      "integrity": "sha512-2T5hcEHArDT6X9+9dVSPQdo7QHzG4XKclFT8rU5TzJPDN7RIRTbO9c4drUISOVemLj03aezStHCR2AIcr8XLpw==",
      "requires": {
        "postcss": "7.0.4"
      }
    },
    "postcss-selector-matches": {
      "version": "4.0.0",
      "resolved": "https://registry.npmjs.org/postcss-selector-matches/-/postcss-selector-matches-4.0.0.tgz",
      "integrity": "sha512-LgsHwQR/EsRYSqlwdGzeaPKVT0Ml7LAT6E75T8W8xLJY62CE4S/l03BWIt3jT8Taq22kXP08s2SfTSzaraoPww==",
      "requires": {
        "balanced-match": "1.0.0",
        "postcss": "7.0.4"
      }
    },
    "postcss-selector-not": {
      "version": "4.0.0",
      "resolved": "https://registry.npmjs.org/postcss-selector-not/-/postcss-selector-not-4.0.0.tgz",
      "integrity": "sha512-W+bkBZRhqJaYN8XAnbbZPLWMvZD1wKTu0UxtFKdhtGjWYmxhkUneoeOhRJKdAE5V7ZTlnbHfCR+6bNwK9e1dTQ==",
      "requires": {
        "balanced-match": "1.0.0",
        "postcss": "7.0.4"
      }
    },
    "postcss-selector-parser": {
      "version": "5.0.0-rc.3",
      "resolved": "https://registry.npmjs.org/postcss-selector-parser/-/postcss-selector-parser-5.0.0-rc.3.tgz",
      "integrity": "sha512-kBl1vc+zJgWCBmmxEXE2/15tmmYdD50lO5r6tLNXEx3K4LtszdLFaSNo8SNVuoI+BGODbWhavoG/n1DrYphBsw==",
      "requires": {
        "babel-eslint": "8.2.6",
        "cssesc": "1.0.1",
        "indexes-of": "1.0.1",
        "uniq": "1.0.1"
      }
    },
    "postcss-value-parser": {
      "version": "3.3.0",
      "resolved": "https://registry.npmjs.org/postcss-value-parser/-/postcss-value-parser-3.3.0.tgz",
      "integrity": "sha1-h/OPnxj3dKSrTIojL1xc6IcqnRU="
    },
    "postcss-values-parser": {
      "version": "2.0.0",
      "resolved": "https://registry.npmjs.org/postcss-values-parser/-/postcss-values-parser-2.0.0.tgz",
      "integrity": "sha512-cyRdkgbRRefu91ByAlJow4y9w/hnBmmWgLpWmlFQ2bpIy2eKrqowt3VeYcaHQ08otVXmC9V2JtYW1Z/RpvYR8A==",
      "requires": {
        "flatten": "1.0.2",
        "indexes-of": "1.0.1",
        "uniq": "1.0.1"
      }
    },
    "semver": {
      "version": "5.5.1",
      "resolved": "https://registry.npmjs.org/semver/-/semver-5.5.1.tgz",
      "integrity": "sha512-PqpAxfrEhlSUWge8dwIp4tZnQ25DIOthpiaHNIthsjEFQD6EvqUKUDM7L8O2rShkFccYo1VjJR0coWfNkCubRw=="
    },
    "source-map": {
      "version": "0.6.1",
      "resolved": "https://registry.npmjs.org/source-map/-/source-map-0.6.1.tgz",
      "integrity": "sha512-UjgapumWlbMhkBgzT7Ykc5YXUT46F0iKu8SGXq0bcwP5dz/h0Plj6enJqjz1Zbq2l5WaqYnrVbwWOWMyF3F47g=="
    },
    "supports-color": {
      "version": "5.5.0",
      "resolved": "https://registry.npmjs.org/supports-color/-/supports-color-5.5.0.tgz",
      "integrity": "sha512-QjVjwdXIt408MIiAqCX4oUKsgU2EqAGzs2Ppkm4aQYbjm+ZEWEcW4SfFNTr4uMNZma0ey4f5lgLrkB0aX0QMow==",
      "requires": {
        "has-flag": "3.0.0"
      }
    },
    "to-fast-properties": {
      "version": "2.0.0",
      "resolved": "https://registry.npmjs.org/to-fast-properties/-/to-fast-properties-2.0.0.tgz",
      "integrity": "sha1-3F5pjL0HkmW8c+A3doGk5Og/YW4="
    },
    "trim-right": {
      "version": "1.0.1",
      "resolved": "https://registry.npmjs.org/trim-right/-/trim-right-1.0.1.tgz",
      "integrity": "sha1-yy4SAwZ+DI3h9hQJS5/kVwTqYAM="
    },
    "uniq": {
      "version": "1.0.1",
      "resolved": "https://registry.npmjs.org/uniq/-/uniq-1.0.1.tgz",
      "integrity": "sha1-sxxa6CVIRKOoKBVBzisEuGWnNP8="
    }
  }
}
